
Microsoft Visual Studio Solution File, Format Version 12.00
# Visual Studio Version 17
VisualStudioVersion = 17.1.32421.90
MinimumVisualStudioVersion = 10.0.40219.1
Project("{9A19103F-16F7-4668-BE54-9A1E7A4F7556}") = "UtilityCollage", "UtilityCollage\UtilityCollage.csproj", "{A9D16203-81AB-46E1-9013-6D8E3EB8ED44}"
EndProject
Project("{9A19103F-16F7-4668-BE54-9A1E7A4F7556}") = "UtilityCollageTests", "UtilityCollageTests\UtilityCollageTests.csproj", "{ABC09177-72DF-40F2-ACB0-B8EA606190BA}"
EndProject
Global
	GlobalSection(SolutionConfigurationPlatforms) = preSolution
		Debug|Any CPU = Debug|Any CPU
		Release|Any CPU = Release|Any CPU
	EndGlobalSection
	GlobalSection(ProjectConfigurationPlatforms) = postSolution
		{A9D16203-81AB-46E1-9013-6D8E3EB8ED44}.Debug|Any CPU.ActiveCfg = Release|Any CPU
		{A9D16203-81AB-46E1-9013-6D8E3EB8ED44}.Debug|Any CPU.Build.0 = Release|Any CPU
		{A9D16203-81AB-46E1-9013-6D8E3EB8ED44}.Release|Any CPU.ActiveCfg = Release|Any CPU
		{A9D16203-81AB-46E1-9013-6D8E3EB8ED44}.Release|Any CPU.Build.0 = Release|Any CPU
		{ABC09177-72DF-40F2-ACB0-B8EA606190BA}.Debug|Any CPU.ActiveCfg = Debug|Any CPU
		{ABC09177-72DF-40F2-ACB0-B8EA606190BA}.Debug|Any CPU.Build.0 = Debug|Any CPU
		{ABC09177-72DF-40F2-ACB0-B8EA606190BA}.Release|Any CPU.ActiveCfg = Release|Any CPU
		{ABC09177-72DF-40F2-ACB0-B8EA606190BA}.Release|Any CPU.Build.0 = Release|Any CPU
	EndGlobalSection
	GlobalSection(SolutionProperties) = preSolution
		HideSolutionNode = FALSE
	EndGlobalSection
	GlobalSection(ExtensibilityGlobals) = postSolution
		SolutionGuid = {A08D2817-7C5D-4013-84C3-F8D4A021C7FD}
	EndGlobalSection
EndGlobal
